
Microsoft Visual Studio Solution File, Format Version 12.00
# Visual Studio Version 16
VisualStudioVersion = 16.0.29709.97
MinimumVisualStudioVersion = 10.0.40219.1
Project("{FAE04EC0-301F-11D3-BF4B-00C04F79EFBC}") = "Selenium_app", "Selenium_app\Selenium_app.csproj", "{04AFD787-36BD-44E1-ABE4-609E2875DFAF}"
EndProject
Global
	GlobalSection(SolutionConfigurationPlatforms) = preSolution
		Debug|Any CPU = Debug|Any CPU
		Release|Any CPU = Release|Any CPU
	EndGlobalSection
	GlobalSection(ProjectConfigurationPlatforms) = postSolution
		{04AFD787-36BD-44E1-ABE4-609E2875DFAF}.Debug|Any CPU.ActiveCfg = Debug|Any CPU
		{04AFD787-36BD-44E1-ABE4-609E2875DFAF}.Debug|Any CPU.Build.0 = Debug|Any CPU
		{04AFD787-36BD-44E1-ABE4-609E2875DFAF}.Release|Any CPU.ActiveCfg = Release|Any CPU
		{04AFD787-36BD-44E1-ABE4-609E2875DFAF}.Release|Any CPU.Build.0 = Release|Any CPU
	EndGlobalSection
	GlobalSection(SolutionProperties) = preSolution
		HideSolutionNode = FALSE
	EndGlobalSection
	GlobalSection(ExtensibilityGlobals) = postSolution
		SolutionGuid = {8232DC16-144B-4C59-AA1B-8D2BF8F86AD5}
	EndGlobalSection
EndGlobal
